PODS:
  - Nimble (10.0.0)
  - Quick (5.0.1)
  - ZonPlayer (0.1.0)

DEPENDENCIES:
  - Nimble (= 10.0.0)
  - Quick (= 5.0.1)
  - ZonPlayer (from `./`)

SPEC REPOS:
  https://github.com/CocoaPods/Specs.git:
    - Nimble
    - Quick

EXTERNAL SOURCES:
  ZonPlayer:
    :path: "./"

SPEC CHECKSUMS:
  Nimble: 5316ef81a170ce87baf72dd961f22f89a602ff84
  Quick: 749aa754fd1e7d984f2000fe051e18a3a9809179
  ZonPlayer: ed30553d8a00a4893628a5bccedd35d507ac100b

PODFILE CHECKSUM: 05dfa6e77547da81eed5b53e0d850f8fd3dc6b45

COCOAPODS: 1.12.1
