PODS:
  - Nimble (10.0.0)
  - Quick (5.0.1)
  - ZonPlayer (1.0.0)

DEPENDENCIES:
  - Nimble (= 10.0.0)
  - Quick (= 5.0.1)
  - ZonPlayer (from `./`)

SPEC REPOS:
  https://github.com/CocoaPods/Specs.git:
    - Nimble
    - Quick

EXTERNAL SOURCES:
  ZonPlayer:
    :path: "./"

SPEC CHECKSUMS:
  Nimble: 5316ef81a170ce87baf72dd961f22f89a602ff84
  Quick: 749aa754fd1e7d984f2000fe051e18a3a9809179
  ZonPlayer: f9f6c9b7f17eaee48166d24ae1b8d339a978d673

PODFILE CHECKSUM: 1f5c8b894bed3c18a53b7568ecf2830b81e73e7a

COCOAPODS: 1.14.3
