// !$*UTF8*$!
{
	archiveVersion = 1;
	classes = {
	};
	objectVersion = 54;
	objects = {

/* Begin PBXBuildFile section */
		2031351E4442E414C289BF97 /* Pods_Example_iOS.framework in Frameworks */ = {isa = PBXBuildFile; fileRef = B2D49E08AE6FD9D7E1AFF5F1 /* Pods_Example_iOS.framework */; };
		245EAB52298795D800AA2FC1 /* main.swift in Sources */ = {isa = PBXBuildFile; fileRef = 245EAB51298795D800AA2FC1 /* main.swift */; };
		8DEC093B248F8294002D1391 /* Assets.xcassets in Resources */ = {isa = PBXBuildFile; fileRef = 8DEC093A248F8294002D1391 /* Assets.xcassets */; };
		8DEC093E248F8294002D1391 /* LaunchScreen.storyboard in Resources */ = {isa = PBXBuildFile; fileRef = 8DEC093C248F8294002D1391 /* LaunchScreen.storyboard */; };
		C51123E479D7D855319C70FA /* Pods_Tests.framework in Frameworks */ = {isa = PBXBuildFile; fileRef = 822CCCF13AAD387799A198E3 /* Pods_Tests.framework */; };
		FA094C112B0B0E3200B2F195 /* InvalidInitializationTests.swift in Sources */ = {isa = PBXBuildFile; fileRef = FA094C102B0B0E3200B2F195 /* InvalidInitializationTests.swift */; };
		FA094C132B0B2A0600B2F195 /* ControllerTests.swift in Sources */ = {isa = PBXBuildFile; fileRef = FA094C122B0B2A0600B2F195 /* ControllerTests.swift */; };
		FA094C152B0B2AEB00B2F195 /* Utils.swift in Sources */ = {isa = PBXBuildFile; fileRef = FA094C142B0B2AEB00B2F195 /* Utils.swift */; };
		FA094C182B0B2EFF00B2F195 /* HarvestTests.swift in Sources */ = {isa = PBXBuildFile; fileRef = FA094C172B0B2EFF00B2F195 /* HarvestTests.swift */; };
		FA094C1A2B0B319800B2F195 /* FileStorageTests.swift in Sources */ = {isa = PBXBuildFile; fileRef = FA094C192B0B319800B2F195 /* FileStorageTests.swift */; };
		FA094C1C2B0B3A8C00B2F195 /* FileDownloaderTests.swift in Sources */ = {isa = PBXBuildFile; fileRef = FA094C1B2B0B3A8C00B2F195 /* FileDownloaderTests.swift */; };
		FA094C1E2B0B41A000B2F195 /* DataStorageTests.swift in Sources */ = {isa = PBXBuildFile; fileRef = FA094C1D2B0B41A000B2F195 /* DataStorageTests.swift */; };
		FA094C202B0B709700B2F195 /* DataRequesterTests.swift in Sources */ = {isa = PBXBuildFile; fileRef = FA094C1F2B0B709700B2F195 /* DataRequesterTests.swift */; };
		FA241FF22E2655CA00BF2C16 /* SwiftUIView.swift in Sources */ = {isa = PBXBuildFile; fileRef = FA241FF12E2655CA00BF2C16 /* SwiftUIView.swift */; };
		FA35FA5A2B0C49C700CA5795 /* RecordTests.swift in Sources */ = {isa = PBXBuildFile; fileRef = FA35FA592B0C49C700CA5795 /* RecordTests.swift */; };
		FA35FA5E2B0C7B5C00CA5795 /* DataFetcherTests.swift in Sources */ = {isa = PBXBuildFile; fileRef = FA35FA5D2B0C7B5C00CA5795 /* DataFetcherTests.swift */; };
		FA55387D2AFA0A3F003AA11C /* AppDelegate.swift in Sources */ = {isa = PBXBuildFile; fileRef = FA55387C2AFA0A3F003AA11C /* AppDelegate.swift */; };
		FA55387F2AFA0A72003AA11C /* HomeScene.swift in Sources */ = {isa = PBXBuildFile; fileRef = FA55387E2AFA0A72003AA11C /* HomeScene.swift */; };
		FA5538812AFA10CD003AA11C /* VideoPlayerScene.swift in Sources */ = {isa = PBXBuildFile; fileRef = FA5538802AFA10CD003AA11C /* VideoPlayerScene.swift */; };
		FA5538832AFA150A003AA11C /* AudioPlayerScene.swift in Sources */ = {isa = PBXBuildFile; fileRef = FA5538822AFA150A003AA11C /* AudioPlayerScene.swift */; };
		FA5538852AFA1592003AA11C /* Main.storyboard in Resources */ = {isa = PBXBuildFile; fileRef = FA5538842AFA1592003AA11C /* Main.storyboard */; };
		FA8D040F2E2F767300AC7EB8 /* RetryTests.swift in Sources */ = {isa = PBXBuildFile; fileRef = FA8D040E2E2F767300AC7EB8 /* RetryTests.swift */; };
		FAEE30172E2A4EEF00CFDA60 /* Utils.swift in Sources */ = {isa = PBXBuildFile; fileRef = FAEE30162E2A4EEF00CFDA60 /* Utils.swift */; };
/* End PBXBuildFile section */

/* Begin PBXContainerItemProxy section */
		8DEC094C248F8383002D1391 /* PBXContainerItemProxy */ = {
			isa = PBXContainerItemProxy;
			containerPortal = 8DEC090C248F818C002D1391 /* Project object */;
			proxyType = 1;
			remoteGlobalIDString = 8DEC092E248F8293002D1391;
			remoteInfo = "Example-iOS";
		};
/* End PBXContainerItemProxy section */

/* Begin PBXFileReference section */
		1FCD126188FDA04852BBFD72 /* Pods-Example-iOS.adhoc.xcconfig */ = {isa = PBXFileReference; includeInIndex = 1; lastKnownFileType = text.xcconfig; name = "Pods-Example-iOS.adhoc.xcconfig"; path = "Target Support Files/Pods-Example-iOS/Pods-Example-iOS.adhoc.xcconfig"; sourceTree = "<group>"; };
		245C21BD27CF777C00E841AC /* Debug.xcconfig */ = {isa = PBXFileReference; lastKnownFileType = text.xcconfig; path = Debug.xcconfig; sourceTree = "<group>"; };
		245C21BE27CF778A00E841AC /* AdHoc.xcconfig */ = {isa = PBXFileReference; lastKnownFileType = text.xcconfig; path = AdHoc.xcconfig; sourceTree = "<group>"; };
		245C21BF27CF77A900E841AC /* Release.xcconfig */ = {isa = PBXFileReference; lastKnownFileType = text.xcconfig; path = Release.xcconfig; sourceTree = "<group>"; };
		245EAB51298795D800AA2FC1 /* main.swift */ = {isa = PBXFileReference; lastKnownFileType = sourcecode.swift; path = main.swift; sourceTree = "<group>"; };
		2BF6E8D4C376875D269BCAE0 /* Pods-Example-iOS.debug.xcconfig */ = {isa = PBXFileReference; includeInIndex = 1; lastKnownFileType = text.xcconfig; name = "Pods-Example-iOS.debug.xcconfig"; path = "Target Support Files/Pods-Example-iOS/Pods-Example-iOS.debug.xcconfig"; sourceTree = "<group>"; };
		32C600B5493CC917ABF8A7E7 /* Pods-Tests.release.xcconfig */ = {isa = PBXFileReference; includeInIndex = 1; lastKnownFileType = text.xcconfig; name = "Pods-Tests.release.xcconfig"; path = "Target Support Files/Pods-Tests/Pods-Tests.release.xcconfig"; sourceTree = "<group>"; };
		55E60EC94AF6B73B92593C9D /* Pods-Tests.adhoc.xcconfig */ = {isa = PBXFileReference; includeInIndex = 1; lastKnownFileType = text.xcconfig; name = "Pods-Tests.adhoc.xcconfig"; path = "Target Support Files/Pods-Tests/Pods-Tests.adhoc.xcconfig"; sourceTree = "<group>"; };
		822CCCF13AAD387799A198E3 /* Pods_Tests.framework */ = {isa = PBXFileReference; explicitFileType = wrapper.framework; includeInIndex = 0; path = Pods_Tests.framework; sourceTree = BUILT_PRODUCTS_DIR; };
		8DEC092F248F8293002D1391 /* Example-iOS.app */ = {isa = PBXFileReference; explicitFileType = wrapper.application; includeInIndex = 0; path = "Example-iOS.app"; sourceTree = BUILT_PRODUCTS_DIR; };
		8DEC093A248F8294002D1391 /* Assets.xcassets */ = {isa = PBXFileReference; lastKnownFileType = folder.assetcatalog; path = Assets.xcassets; sourceTree = "<group>"; };
		8DEC093D248F8294002D1391 /* Base */ = {isa = PBXFileReference; lastKnownFileType = file.storyboard; name = Base; path = Base.lproj/LaunchScreen.storyboard; sourceTree = "<group>"; };
		8DEC093F248F8294002D1391 /* Info.plist */ = {isa = PBXFileReference; lastKnownFileType = text.plist.xml; path = Info.plist; sourceTree = "<group>"; };
		8DEC0947248F8383002D1391 /* Tests.xctest */ = {isa = PBXFileReference; explicitFileType = wrapper.cfbundle; includeInIndex = 0; path = Tests.xctest; sourceTree = BUILT_PRODUCTS_DIR; };
		8DEC094B248F8383002D1391 /* Info.plist */ = {isa = PBXFileReference; lastKnownFileType = text.plist.xml; path = Info.plist; sourceTree = "<group>"; };
		AD6DCBE1D24A4388A9AD8E2A /* Pods-Example-iOS.release.xcconfig */ = {isa = PBXFileReference; includeInIndex = 1; lastKnownFileType = text.xcconfig; name = "Pods-Example-iOS.release.xcconfig"; path = "Target Support Files/Pods-Example-iOS/Pods-Example-iOS.release.xcconfig"; sourceTree = "<group>"; };
		B2D49E08AE6FD9D7E1AFF5F1 /* Pods_Example_iOS.framework */ = {isa = PBXFileReference; explicitFileType = wrapper.framework; includeInIndex = 0; path = Pods_Example_iOS.framework; sourceTree = BUILT_PRODUCTS_DIR; };
		BAD96AD0610B6CB2B0393764 /* Pods-Tests.debug.xcconfig */ = {isa = PBXFileReference; includeInIndex = 1; lastKnownFileType = text.xcconfig; name = "Pods-Tests.debug.xcconfig"; path = "Target Support Files/Pods-Tests/Pods-Tests.debug.xcconfig"; sourceTree = "<group>"; };
		FA094C102B0B0E3200B2F195 /* InvalidInitializationTests.swift */ = {isa = PBXFileReference; lastKnownFileType = sourcecode.swift; path = InvalidInitializationTests.swift; sourceTree = "<group>"; };
		FA094C122B0B2A0600B2F195 /* ControllerTests.swift */ = {isa = PBXFileReference; lastKnownFileType = sourcecode.swift; path = ControllerTests.swift; sourceTree = "<group>"; };
		FA094C142B0B2AEB00B2F195 /* Utils.swift */ = {isa = PBXFileReference; lastKnownFileType = sourcecode.swift; path = Utils.swift; sourceTree = "<group>"; };
		FA094C172B0B2EFF00B2F195 /* HarvestTests.swift */ = {isa = PBXFileReference; lastKnownFileType = sourcecode.swift; path = HarvestTests.swift; sourceTree = "<group>"; };
		FA094C192B0B319800B2F195 /* FileStorageTests.swift */ = {isa = PBXFileReference; lastKnownFileType = sourcecode.swift; path = FileStorageTests.swift; sourceTree = "<group>"; };
		FA094C1B2B0B3A8C00B2F195 /* FileDownloaderTests.swift */ = {isa = PBXFileReference; lastKnownFileType = sourcecode.swift; path = FileDownloaderTests.swift; sourceTree = "<group>"; };
		FA094C1D2B0B41A000B2F195 /* DataStorageTests.swift */ = {isa = PBXFileReference; lastKnownFileType = sourcecode.swift; path = DataStorageTests.swift; sourceTree = "<group>"; };
		FA094C1F2B0B709700B2F195 /* DataRequesterTests.swift */ = {isa = PBXFileReference; lastKnownFileType = sourcecode.swift; path = DataRequesterTests.swift; sourceTree = "<group>"; };
		FA241FF12E2655CA00BF2C16 /* SwiftUIView.swift */ = {isa = PBXFileReference; lastKnownFileType = sourcecode.swift; path = SwiftUIView.swift; sourceTree = "<group>"; };
		FA35FA592B0C49C700CA5795 /* RecordTests.swift */ = {isa = PBXFileReference; lastKnownFileType = sourcecode.swift; path = RecordTests.swift; sourceTree = "<group>"; };
		FA35FA5D2B0C7B5C00CA5795 /* DataFetcherTests.swift */ = {isa = PBXFileReference; lastKnownFileType = sourcecode.swift; path = DataFetcherTests.swift; sourceTree = "<group>"; };
		FA55387C2AFA0A3F003AA11C /* AppDelegate.swift */ = {isa = PBXFileReference; lastKnownFileType = sourcecode.swift; path = AppDelegate.swift; sourceTree = "<group>"; };
		FA55387E2AFA0A72003AA11C /* HomeScene.swift */ = {isa = PBXFileReference; lastKnownFileType = sourcecode.swift; path = HomeScene.swift; sourceTree = "<group>"; };
		FA5538802AFA10CD003AA11C /* VideoPlayerScene.swift */ = {isa = PBXFileReference; lastKnownFileType = sourcecode.swift; path = VideoPlayerScene.swift; sourceTree = "<group>"; };
		FA5538822AFA150A003AA11C /* AudioPlayerScene.swift */ = {isa = PBXFileReference; lastKnownFileType = sourcecode.swift; path = AudioPlayerScene.swift; sourceTree = "<group>"; };
		FA5538842AFA1592003AA11C /* Main.storyboard */ = {isa = PBXFileReference; lastKnownFileType = file.storyboard; path = Main.storyboard; sourceTree = "<group>"; };
		FA8D040E2E2F767300AC7EB8 /* RetryTests.swift */ = {isa = PBXFileReference; lastKnownFileType = sourcecode.swift; path = RetryTests.swift; sourceTree = "<group>"; };
		FAEE30162E2A4EEF00CFDA60 /* Utils.swift */ = {isa = PBXFileReference; lastKnownFileType = sourcecode.swift; path = Utils.swift; sourceTree = "<group>"; };
/* End PBXFileReference section */

/* Begin PBXFrameworksBuildPhase section */
		8DEC092C248F8293002D1391 /* Frameworks */ = {
			isa = PBXFrameworksBuildPhase;
			buildActionMask = 2147483647;
			files = (
				2031351E4442E414C289BF97 /* Pods_Example_iOS.framework in Frameworks */,
			);
			runOnlyForDeploymentPostprocessing = 0;
		};
		8DEC0944248F8383002D1391 /* Frameworks */ = {
			isa = PBXFrameworksBuildPhase;
			buildActionMask = 2147483647;
			files = (
				C51123E479D7D855319C70FA /* Pods_Tests.framework in Frameworks */,
			);
			runOnlyForDeploymentPostprocessing = 0;
		};
/* End PBXFrameworksBuildPhase section */

/* Begin PBXGroup section */
		245C21BC27CF774900E841AC /* Configurations */ = {
			isa = PBXGroup;
			children = (
				245C21BD27CF777C00E841AC /* Debug.xcconfig */,
				245C21BE27CF778A00E841AC /* AdHoc.xcconfig */,
				245C21BF27CF77A900E841AC /* Release.xcconfig */,
			);
			path = Configurations;
			sourceTree = "<group>";
		};
		8DEC090B248F818C002D1391 = {
			isa = PBXGroup;
			children = (
				245C21BC27CF774900E841AC /* Configurations */,
				8DEC0930248F8293002D1391 /* Example-iOS */,
				8DEC0948248F8383002D1391 /* Tests */,
				8DEC0915248F818C002D1391 /* Products */,
				E1F06D7537D24BA931C44A0A /* Pods */,
				FF621CA2FB419EE8270F3167 /* Frameworks */,
			);
			sourceTree = "<group>";
		};
		8DEC0915248F818C002D1391 /* Products */ = {
			isa = PBXGroup;
			children = (
				8DEC092F248F8293002D1391 /* Example-iOS.app */,
				8DEC0947248F8383002D1391 /* Tests.xctest */,
			);
			name = Products;
			sourceTree = "<group>";
		};
		8DEC0930248F8293002D1391 /* Example-iOS */ = {
			isa = PBXGroup;
			children = (
				245EAB51298795D800AA2FC1 /* main.swift */,
				FA55387C2AFA0A3F003AA11C /* AppDelegate.swift */,
				FA55387E2AFA0A72003AA11C /* HomeScene.swift */,
				FA5538822AFA150A003AA11C /* AudioPlayerScene.swift */,
				FA5538802AFA10CD003AA11C /* VideoPlayerScene.swift */,
				FA241FF12E2655CA00BF2C16 /* SwiftUIView.swift */,
				FAEE30162E2A4EEF00CFDA60 /* Utils.swift */,
				8DEC093A248F8294002D1391 /* Assets.xcassets */,
				8DEC093C248F8294002D1391 /* LaunchScreen.storyboard */,
				FA5538842AFA1592003AA11C /* Main.storyboard */,
				8DEC093F248F8294002D1391 /* Info.plist */,
			);
			path = "Example-iOS";
			sourceTree = "<group>";
		};
		8DEC0948248F8383002D1391 /* Tests */ = {
			isa = PBXGroup;
			children = (
				FA094C142B0B2AEB00B2F195 /* Utils.swift */,
				FA094C162B0B2ED700B2F195 /* Cache */,
				FA094C0D2B0B0DA200B2F195 /* Playback */,
				8DEC094B248F8383002D1391 /* Info.plist */,
			);
			path = Tests;
			sourceTree = "<group>";
		};
		E1F06D7537D24BA931C44A0A /* Pods */ = {
			isa = PBXGroup;
			children = (
				2BF6E8D4C376875D269BCAE0 /* Pods-Example-iOS.debug.xcconfig */,
				AD6DCBE1D24A4388A9AD8E2A /* Pods-Example-iOS.release.xcconfig */,
				1FCD126188FDA04852BBFD72 /* Pods-Example-iOS.adhoc.xcconfig */,
				BAD96AD0610B6CB2B0393764 /* Pods-Tests.debug.xcconfig */,
				32C600B5493CC917ABF8A7E7 /* Pods-Tests.release.xcconfig */,
				55E60EC94AF6B73B92593C9D /* Pods-Tests.adhoc.xcconfig */,
			);
			path = Pods;
			sourceTree = "<group>";
		};
		FA094C0D2B0B0DA200B2F195 /* Playback */ = {
			isa = PBXGroup;
			children = (
				FA8D040E2E2F767300AC7EB8 /* RetryTests.swift */,
				FA094C102B0B0E3200B2F195 /* InvalidInitializationTests.swift */,
				FA094C122B0B2A0600B2F195 /* ControllerTests.swift */,
			);
			path = Playback;
			sourceTree = "<group>";
		};
		FA094C162B0B2ED700B2F195 /* Cache */ = {
			isa = PBXGroup;
			children = (
				FA094C172B0B2EFF00B2F195 /* HarvestTests.swift */,
				FA094C192B0B319800B2F195 /* FileStorageTests.swift */,
				FA094C1B2B0B3A8C00B2F195 /* FileDownloaderTests.swift */,
				FA35FA5D2B0C7B5C00CA5795 /* DataFetcherTests.swift */,
				FA094C1D2B0B41A000B2F195 /* DataStorageTests.swift */,
				FA094C1F2B0B709700B2F195 /* DataRequesterTests.swift */,
				FA35FA592B0C49C700CA5795 /* RecordTests.swift */,
			);
			path = Cache;
			sourceTree = "<group>";
		};
		FF621CA2FB419EE8270F3167 /* Frameworks */ = {
			isa = PBXGroup;
			children = (
				B2D49E08AE6FD9D7E1AFF5F1 /* Pods_Example_iOS.framework */,
				822CCCF13AAD387799A198E3 /* Pods_Tests.framework */,
			);
			name = Frameworks;
			sourceTree = "<group>";
		};
/* End PBXGroup section */

/* Begin PBXNativeTarget section */
		8DEC092E248F8293002D1391 /* Example-iOS */ = {
			isa = PBXNativeTarget;
			buildConfigurationList = 8DEC0942248F8294002D1391 /* Build configuration list for PBXNativeTarget "Example-iOS" */;
			buildPhases = (
				151C630D3CD7B67EFD6ACAFA /* [CP] Check Pods Manifest.lock */,
				8DEC092B248F8293002D1391 /* Sources */,
				8DEC092C248F8293002D1391 /* Frameworks */,
				8DEC092D248F8293002D1391 /* Resources */,
				0744FFDFCC65CB8B8170AADD /* [CP] Embed Pods Frameworks */,
			);
			buildRules = (
			);
			dependencies = (
			);
			name = "Example-iOS";
			productName = "Example-iOS";
			productReference = 8DEC092F248F8293002D1391 /* Example-iOS.app */;
			productType = "com.apple.product-type.application";
		};
		8DEC0946248F8383002D1391 /* Tests */ = {
			isa = PBXNativeTarget;
			buildConfigurationList = 8DEC094E248F8383002D1391 /* Build configuration list for PBXNativeTarget "Tests" */;
			buildPhases = (
				2F13CF1C30636B85972F6F6A /* [CP] Check Pods Manifest.lock */,
				8DEC0943248F8383002D1391 /* Sources */,
				8DEC0944248F8383002D1391 /* Frameworks */,
				8DEC0945248F8383002D1391 /* Resources */,
				65B06402118BDB133B499F78 /* [CP] Embed Pods Frameworks */,
			);
			buildRules = (
			);
			dependencies = (
				8DEC094D248F8383002D1391 /* PBXTargetDependency */,
			);
			name = Tests;
			productName = Tests;
			productReference = 8DEC0947248F8383002D1391 /* Tests.xctest */;
			productType = "com.apple.product-type.bundle.unit-test";
		};
/* End PBXNativeTarget section */

/* Begin PBXProject section */
		8DEC090C248F818C002D1391 /* Project object */ = {
			isa = PBXProject;
			attributes = {
				BuildIndependentTargetsInParallel = YES;
				LastSwiftUpdateCheck = 1150;
				LastUpgradeCheck = 1620;
				ORGANIZATIONNAME = "Shanbay iOS";
				TargetAttributes = {
					8DEC092E248F8293002D1391 = {
						CreatedOnToolsVersion = 11.5;
					};
					8DEC0946248F8383002D1391 = {
						CreatedOnToolsVersion = 11.5;
						LastSwiftMigration = 1500;
						TestTargetID = 8DEC092E248F8293002D1391;
					};
				};
			};
			buildConfigurationList = 8DEC090F248F818C002D1391 /* Build configuration list for PBXProject "ZonPlayer" */;
			compatibilityVersion = "Xcode 12.0";
			developmentRegion = en;
			hasScannedForEncodings = 0;
			knownRegions = (
				en,
				Base,
			);
			mainGroup = 8DEC090B248F818C002D1391;
			productRefGroup = 8DEC0915248F818C002D1391 /* Products */;
			projectDirPath = "";
			projectRoot = "";
			targets = (
				8DEC092E248F8293002D1391 /* Example-iOS */,
				8DEC0946248F8383002D1391 /* Tests */,
			);
		};
/* End PBXProject section */

/* Begin PBXResourcesBuildPhase section */
		8DEC092D248F8293002D1391 /* Resources */ = {
			isa = PBXResourcesBuildPhase;
			buildActionMask = 2147483647;
			files = (
				FA5538852AFA1592003AA11C /* Main.storyboard in Resources */,
				8DEC093E248F8294002D1391 /* LaunchScreen.storyboard in Resources */,
				8DEC093B248F8294002D1391 /* Assets.xcassets in Resources */,
			);
			runOnlyForDeploymentPostprocessing = 0;
		};
		8DEC0945248F8383002D1391 /* Resources */ = {
			isa = PBXResourcesBuildPhase;
			buildActionMask = 2147483647;
			files = (
			);
			runOnlyForDeploymentPostprocessing = 0;
		};
/* End PBXResourcesBuildPhase section */

/* Begin PBXShellScriptBuildPhase section */
		0744FFDFCC65CB8B8170AADD /* [CP] Embed Pods Frameworks */ = {
			isa = PBXShellScriptBuildPhase;
			buildActionMask = 2147483647;
			files = (
			);
			inputFileListPaths = (
				"${PODS_ROOT}/Target Support Files/Pods-Example-iOS/Pods-Example-iOS-frameworks-${CONFIGURATION}-input-files.xcfilelist",
			);
			name = "[CP] Embed Pods Frameworks";
			outputFileListPaths = (
				"${PODS_ROOT}/Target Support Files/Pods-Example-iOS/Pods-Example-iOS-frameworks-${CONFIGURATION}-output-files.xcfilelist",
			);
			runOnlyForDeploymentPostprocessing = 0;
			shellPath = /bin/sh;
			shellScript = "\"${PODS_ROOT}/Target Support Files/Pods-Example-iOS/Pods-Example-iOS-frameworks.sh\"\n";
			showEnvVarsInLog = 0;
		};
		151C630D3CD7B67EFD6ACAFA /* [CP] Check Pods Manifest.lock */ = {
			isa = PBXShellScriptBuildPhase;
			buildActionMask = 2147483647;
			files = (
			);
			inputFileListPaths = (
			);
			inputPaths = (
				"${PODS_PODFILE_DIR_PATH}/Podfile.lock",
				"${PODS_ROOT}/Manifest.lock",
			);
			name = "[CP] Check Pods Manifest.lock";
			outputFileListPaths = (
			);
			outputPaths = (
				"$(DERIVED_FILE_DIR)/Pods-Example-iOS-checkManifestLockResult.txt",
			);
			runOnlyForDeploymentPostprocessing = 0;
			shellPath = /bin/sh;
			shellScript = "diff \"${PODS_PODFILE_DIR_PATH}/Podfile.lock\" \"${PODS_ROOT}/Manifest.lock\" > /dev/null\nif [ $? != 0 ] ; then\n    # print error to STDERR\n    echo \"error: The sandbox is not in sync with the Podfile.lock. Run 'pod install' or update your CocoaPods installation.\" >&2\n    exit 1\nfi\n# This output is used by Xcode 'outputs' to avoid re-running this script phase.\necho \"SUCCESS\" > \"${SCRIPT_OUTPUT_FILE_0}\"\n";
			showEnvVarsInLog = 0;
		};
		2F13CF1C30636B85972F6F6A /* [CP] Check Pods Manifest.lock */ = {
			isa = PBXShellScriptBuildPhase;
			buildActionMask = 2147483647;
			files = (
			);
			inputFileListPaths = (
			);
			inputPaths = (
				"${PODS_PODFILE_DIR_PATH}/Podfile.lock",
				"${PODS_ROOT}/Manifest.lock",
			);
			name = "[CP] Check Pods Manifest.lock";
			outputFileListPaths = (
			);
			outputPaths = (
				"$(DERIVED_FILE_DIR)/Pods-Tests-checkManifestLockResult.txt",
			);
			runOnlyForDeploymentPostprocessing = 0;
			shellPath = /bin/sh;
			shellScript = "diff \"${PODS_PODFILE_DIR_PATH}/Podfile.lock\" \"${PODS_ROOT}/Manifest.lock\" > /dev/null\nif [ $? != 0 ] ; then\n    # print error to STDERR\n    echo \"error: The sandbox is not in sync with the Podfile.lock. Run 'pod install' or update your CocoaPods installation.\" >&2\n    exit 1\nfi\n# This output is used by Xcode 'outputs' to avoid re-running this script phase.\necho \"SUCCESS\" > \"${SCRIPT_OUTPUT_FILE_0}\"\n";
			showEnvVarsInLog = 0;
		};
		65B06402118BDB133B499F78 /* [CP] Embed Pods Frameworks */ = {
			isa = PBXShellScriptBuildPhase;
			buildActionMask = 2147483647;
			files = (
			);
			inputFileListPaths = (
				"${PODS_ROOT}/Target Support Files/Pods-Tests/Pods-Tests-frameworks-${CONFIGURATION}-input-files.xcfilelist",
			);
			name = "[CP] Embed Pods Frameworks";
			outputFileListPaths = (
				"${PODS_ROOT}/Target Support Files/Pods-Tests/Pods-Tests-frameworks-${CONFIGURATION}-output-files.xcfilelist",
			);
			runOnlyForDeploymentPostprocessing = 0;
			shellPath = /bin/sh;
			shellScript = "\"${PODS_ROOT}/Target Support Files/Pods-Tests/Pods-Tests-frameworks.sh\"\n";
			showEnvVarsInLog = 0;
		};
/* End PBXShellScriptBuildPhase section */

/* Begin PBXSourcesBuildPhase section */
		8DEC092B248F8293002D1391 /* Sources */ = {
			isa = PBXSourcesBuildPhase;
			buildActionMask = 2147483647;
			files = (
				FA55387F2AFA0A72003AA11C /* HomeScene.swift in Sources */,
				FA55387D2AFA0A3F003AA11C /* AppDelegate.swift in Sources */,
				FA241FF22E2655CA00BF2C16 /* SwiftUIView.swift in Sources */,
				FAEE30172E2A4EEF00CFDA60 /* Utils.swift in Sources */,
				FA5538812AFA10CD003AA11C /* VideoPlayerScene.swift in Sources */,
				FA5538832AFA150A003AA11C /* AudioPlayerScene.swift in Sources */,
				245EAB52298795D800AA2FC1 /* main.swift in Sources */,
			);
			runOnlyForDeploymentPostprocessing = 0;
		};
		8DEC0943248F8383002D1391 /* Sources */ = {
			isa = PBXSourcesBuildPhase;
			buildActionMask = 2147483647;
			files = (
				FA094C202B0B709700B2F195 /* DataRequesterTests.swift in Sources */,
				FA094C112B0B0E3200B2F195 /* InvalidInitializationTests.swift in Sources */,
				FA094C152B0B2AEB00B2F195 /* Utils.swift in Sources */,
				FA8D040F2E2F767300AC7EB8 /* RetryTests.swift in Sources */,
				FA094C182B0B2EFF00B2F195 /* HarvestTests.swift in Sources */,
				FA094C1A2B0B319800B2F195 /* FileStorageTests.swift in Sources */,
				FA35FA5E2B0C7B5C00CA5795 /* DataFetcherTests.swift in Sources */,
				FA35FA5A2B0C49C700CA5795 /* RecordTests.swift in Sources */,
				FA094C1C2B0B3A8C00B2F195 /* FileDownloaderTests.swift in Sources */,
				FA094C1E2B0B41A000B2F195 /* DataStorageTests.swift in Sources */,
				FA094C132B0B2A0600B2F195 /* ControllerTests.swift in Sources */,
			);
			runOnlyForDeploymentPostprocessing = 0;
		};
/* End PBXSourcesBuildPhase section */

/* Begin PBXTargetDependency section */
		8DEC094D248F8383002D1391 /* PBXTargetDependency */ = {
			isa = PBXTargetDependency;
			target = 8DEC092E248F8293002D1391 /* Example-iOS */;
			targetProxy = 8DEC094C248F8383002D1391 /* PBXContainerItemProxy */;
		};
/* End PBXTargetDependency section */

/* Begin PBXVariantGroup section */
		8DEC093C248F8294002D1391 /* LaunchScreen.storyboard */ = {
			isa = PBXVariantGroup;
			children = (
				8DEC093D248F8294002D1391 /* Base */,
			);
			name = LaunchScreen.storyboard;
			sourceTree = "<group>";
		};
/* End PBXVariantGroup section */

/* Begin XCBuildConfiguration section */
		245C21C027CF780800E841AC /* AdHoc */ = {
			isa = XCBuildConfiguration;
			baseConfigurationReference = 245C21BE27CF778A00E841AC /* AdHoc.xcconfig */;
			buildSettings = {
				ALWAYS_SEARCH_USER_PATHS = NO;
				CLANG_ANALYZER_NONNULL = YES;
				CLANG_ANALYZER_NUMBER_OBJECT_CONVERSION = YES_AGGRESSIVE;
				CLANG_CXX_LANGUAGE_STANDARD = "gnu++14";
				CLANG_CXX_LIBRARY = "libc++";
				CLANG_ENABLE_MODULES = YES;
				CLANG_ENABLE_OBJC_ARC = YES;
				CLANG_ENABLE_OBJC_WEAK = YES;
				CLANG_WARN_BLOCK_CAPTURE_AUTORELEASING = YES;
				CLANG_WARN_BOOL_CONVERSION = YES;
				CLANG_WARN_COMMA = YES;
				CLANG_WARN_CONSTANT_CONVERSION = YES;
				CLANG_WARN_DEPRECATED_OBJC_IMPLEMENTATIONS = YES;
				CLANG_WARN_DIRECT_OBJC_ISA_USAGE = YES_ERROR;
				CLANG_WARN_DOCUMENTATION_COMMENTS = YES;
				CLANG_WARN_EMPTY_BODY = YES;
				CLANG_WARN_ENUM_CONVERSION = YES;
				CLANG_WARN_INFINITE_RECURSION = YES;
				CLANG_WARN_INT_CONVERSION = YES;
				CLANG_WARN_NON_LITERAL_NULL_CONVERSION = YES;
				CLANG_WARN_OBJC_IMPLICIT_RETAIN_SELF = YES;
				CLANG_WARN_OBJC_LITERAL_CONVERSION = YES;
				CLANG_WARN_OBJC_ROOT_CLASS = YES_ERROR;
				CLANG_WARN_QUOTED_INCLUDE_IN_FRAMEWORK_HEADER = YES;
				CLANG_WARN_RANGE_LOOP_ANALYSIS = YES;
				CLANG_WARN_STRICT_PROTOTYPES = YES;
				CLANG_WARN_SUSPICIOUS_MOVE = YES;
				CLANG_WARN_UNGUARDED_AVAILABILITY = YES_AGGRESSIVE;
				CLANG_WARN_UNREACHABLE_CODE = YES;
				CLANG_WARN__DUPLICATE_METHOD_MATCH = YES;
				COPY_PHASE_STRIP = NO;
				DEBUG_INFORMATION_FORMAT = "dwarf-with-dsym";
				ENABLE_NS_ASSERTIONS = NO;
				ENABLE_STRICT_OBJC_MSGSEND = YES;
				ENABLE_USER_SCRIPT_SANDBOXING = NO;
				GCC_C_LANGUAGE_STANDARD = gnu11;
				GCC_NO_COMMON_BLOCKS = YES;
				GCC_WARN_64_TO_32_BIT_CONVERSION = YES;
				GCC_WARN_ABOUT_RETURN_TYPE = YES_ERROR;
				GCC_WARN_UNDECLARED_SELECTOR = YES;
				GCC_WARN_UNINITIALIZED_AUTOS = YES_AGGRESSIVE;
				GCC_WARN_UNUSED_FUNCTION = YES;
				GCC_WARN_UNUSED_VARIABLE = YES;
				IPHONEOS_DEPLOYMENT_TARGET = 12.0;
				MTL_ENABLE_DEBUG_INFO = NO;
				MTL_FAST_MATH = YES;
				SDKROOT = iphoneos;
				SWIFT_COMPILATION_MODE = wholemodule;
				SWIFT_OPTIMIZATION_LEVEL = "-O";
				VALIDATE_PRODUCT = YES;
			};
			name = AdHoc;
		};
		245C21C127CF780800E841AC /* AdHoc */ = {
			isa = XCBuildConfiguration;
			baseConfigurationReference = 1FCD126188FDA04852BBFD72 /* Pods-Example-iOS.adhoc.xcconfig */;
			buildSettings = {
				ASSETCATALOG_COMPILER_APPICON_NAME = AppIcon;
				CODE_SIGN_IDENTITY = "Apple Development";
				CODE_SIGN_STYLE = Manual;
				DEVELOPMENT_TEAM = "";
				ENABLE_USER_SCRIPT_SANDBOXING = NO;
				INFOPLIST_FILE = "Example-iOS/Info.plist";
				IPHONEOS_DEPLOYMENT_TARGET = 13.0;
				LD_RUNPATH_SEARCH_PATHS = (
					"$(inherited)",
					"@executable_path/Frameworks",
				);
				PRODUCT_BUNDLE_IDENTIFIER = "com.zonplayer.Example-iOS";
				PRODUCT_NAME = "$(TARGET_NAME)";
				PROVISIONING_PROFILE_SPECIFIER = "";
				SWIFT_VERSION = 5.0;
				TARGETED_DEVICE_FAMILY = "1,2";
			};
			name = AdHoc;
		};
		245C21C227CF780800E841AC /* AdHoc */ = {
			isa = XCBuildConfiguration;
			baseConfigurationReference = 55E60EC94AF6B73B92593C9D /* Pods-Tests.adhoc.xcconfig */;
			buildSettings = {
				BUNDLE_LOADER = "$(TEST_HOST)";
				CLANG_ENABLE_MODULES = YES;
				CODE_SIGN_STYLE = Manual;
				DEVELOPMENT_TEAM = "";
				INFOPLIST_FILE = Tests/Info.plist;
				IPHONEOS_DEPLOYMENT_TARGET = 13.0;
				LD_RUNPATH_SEARCH_PATHS = (
					"$(inherited)",
					"@executable_path/Frameworks",
					"@loader_path/Frameworks",
				);
				PRODUCT_BUNDLE_IDENTIFIER = com.zonplayer.Tests;
				PRODUCT_NAME = "$(TARGET_NAME)";
				PROVISIONING_PROFILE_SPECIFIER = "";
				SWIFT_VERSION = 5.0;
				TARGETED_DEVICE_FAMILY = "1,2";
				TEST_HOST = "$(BUILT_PRODUCTS_DIR)/Example-iOS.app/Example-iOS";
			};
			name = AdHoc;
		};
		8DEC0926248F818E002D1391 /* Debug */ = {
			isa = XCBuildConfiguration;
			baseConfigurationReference = 245C21BD27CF777C00E841AC /* Debug.xcconfig */;
			buildSettings = {
				ALWAYS_SEARCH_USER_PATHS = NO;
				CLANG_ANALYZER_NONNULL = YES;
				CLANG_ANALYZER_NUMBER_OBJECT_CONVERSION = YES_AGGRESSIVE;
				CLANG_CXX_LANGUAGE_STANDARD = "gnu++14";
				CLANG_CXX_LIBRARY = "libc++";
				CLANG_ENABLE_MODULES = YES;
				CLANG_ENABLE_OBJC_ARC = YES;
				CLANG_ENABLE_OBJC_WEAK = YES;
				CLANG_WARN_BLOCK_CAPTURE_AUTORELEASING = YES;
				CLANG_WARN_BOOL_CONVERSION = YES;
				CLANG_WARN_COMMA = YES;
				CLANG_WARN_CONSTANT_CONVERSION = YES;
				CLANG_WARN_DEPRECATED_OBJC_IMPLEMENTATIONS = YES;
				CLANG_WARN_DIRECT_OBJC_ISA_USAGE = YES_ERROR;
				CLANG_WARN_DOCUMENTATION_COMMENTS = YES;
				CLANG_WARN_EMPTY_BODY = YES;
				CLANG_WARN_ENUM_CONVERSION = YES;
				CLANG_WARN_INFINITE_RECURSION = YES;
				CLANG_WARN_INT_CONVERSION = YES;
				CLANG_WARN_NON_LITERAL_NULL_CONVERSION = YES;
				CLANG_WARN_OBJC_IMPLICIT_RETAIN_SELF = YES;
				CLANG_WARN_OBJC_LITERAL_CONVERSION = YES;
				CLANG_WARN_OBJC_ROOT_CLASS = YES_ERROR;
				CLANG_WARN_QUOTED_INCLUDE_IN_FRAMEWORK_HEADER = YES;
				CLANG_WARN_RANGE_LOOP_ANALYSIS = YES;
				CLANG_WARN_STRICT_PROTOTYPES = YES;
				CLANG_WARN_SUSPICIOUS_MOVE = YES;
				CLANG_WARN_UNGUARDED_AVAILABILITY = YES_AGGRESSIVE;
				CLANG_WARN_UNREACHABLE_CODE = YES;
				CLANG_WARN__DUPLICATE_METHOD_MATCH = YES;
				COPY_PHASE_STRIP = NO;
				DEBUG_INFORMATION_FORMAT = dwarf;
				ENABLE_STRICT_OBJC_MSGSEND = YES;
				ENABLE_TESTABILITY = YES;
				ENABLE_USER_SCRIPT_SANDBOXING = NO;
				GCC_C_LANGUAGE_STANDARD = gnu11;
				GCC_DYNAMIC_NO_PIC = NO;
				GCC_NO_COMMON_BLOCKS = YES;
				GCC_OPTIMIZATION_LEVEL = 0;
				GCC_WARN_64_TO_32_BIT_CONVERSION = YES;
				GCC_WARN_ABOUT_RETURN_TYPE = YES_ERROR;
				GCC_WARN_UNDECLARED_SELECTOR = YES;
				GCC_WARN_UNINITIALIZED_AUTOS = YES_AGGRESSIVE;
				GCC_WARN_UNUSED_FUNCTION = YES;
				GCC_WARN_UNUSED_VARIABLE = YES;
				IPHONEOS_DEPLOYMENT_TARGET = 12.0;
				MTL_ENABLE_DEBUG_INFO = INCLUDE_SOURCE;
				MTL_FAST_MATH = YES;
				ONLY_ACTIVE_ARCH = YES;
				SDKROOT = iphoneos;
				SWIFT_OPTIMIZATION_LEVEL = "-Onone";
			};
			name = Debug;
		};
		8DEC0927248F818E002D1391 /* Release */ = {
			isa = XCBuildConfiguration;
			baseConfigurationReference = 245C21BF27CF77A900E841AC /* Release.xcconfig */;
			buildSettings = {
				ALWAYS_SEARCH_USER_PATHS = NO;
				CLANG_ANALYZER_NONNULL = YES;
				CLANG_ANALYZER_NUMBER_OBJECT_CONVERSION = YES_AGGRESSIVE;
				CLANG_CXX_LANGUAGE_STANDARD = "gnu++14";
				CLANG_CXX_LIBRARY = "libc++";
				CLANG_ENABLE_MODULES = YES;
				CLANG_ENABLE_OBJC_ARC = YES;
				CLANG_ENABLE_OBJC_WEAK = YES;
				CLANG_WARN_BLOCK_CAPTURE_AUTORELEASING = YES;
				CLANG_WARN_BOOL_CONVERSION = YES;
				CLANG_WARN_COMMA = YES;
				CLANG_WARN_CONSTANT_CONVERSION = YES;
				CLANG_WARN_DEPRECATED_OBJC_IMPLEMENTATIONS = YES;
				CLANG_WARN_DIRECT_OBJC_ISA_USAGE = YES_ERROR;
				CLANG_WARN_DOCUMENTATION_COMMENTS = YES;
				CLANG_WARN_EMPTY_BODY = YES;
				CLANG_WARN_ENUM_CONVERSION = YES;
				CLANG_WARN_INFINITE_RECURSION = YES;
				CLANG_WARN_INT_CONVERSION = YES;
				CLANG_WARN_NON_LITERAL_NULL_CONVERSION = YES;
				CLANG_WARN_OBJC_IMPLICIT_RETAIN_SELF = YES;
				CLANG_WARN_OBJC_LITERAL_CONVERSION = YES;
				CLANG_WARN_OBJC_ROOT_CLASS = YES_ERROR;
				CLANG_WARN_QUOTED_INCLUDE_IN_FRAMEWORK_HEADER = YES;
				CLANG_WARN_RANGE_LOOP_ANALYSIS = YES;
				CLANG_WARN_STRICT_PROTOTYPES = YES;
				CLANG_WARN_SUSPICIOUS_MOVE = YES;
				CLANG_WARN_UNGUARDED_AVAILABILITY = YES_AGGRESSIVE;
				CLANG_WARN_UNREACHABLE_CODE = YES;
				CLANG_WARN__DUPLICATE_METHOD_MATCH = YES;
				COPY_PHASE_STRIP = NO;
				DEBUG_INFORMATION_FORMAT = "dwarf-with-dsym";
				ENABLE_NS_ASSERTIONS = NO;
				ENABLE_STRICT_OBJC_MSGSEND = YES;
				ENABLE_USER_SCRIPT_SANDBOXING = NO;
				GCC_C_LANGUAGE_STANDARD = gnu11;
				GCC_NO_COMMON_BLOCKS = YES;
				GCC_WARN_64_TO_32_BIT_CONVERSION = YES;
				GCC_WARN_ABOUT_RETURN_TYPE = YES_ERROR;
				GCC_WARN_UNDECLARED_SELECTOR = YES;
				GCC_WARN_UNINITIALIZED_AUTOS = YES_AGGRESSIVE;
				GCC_WARN_UNUSED_FUNCTION = YES;
				GCC_WARN_UNUSED_VARIABLE = YES;
				IPHONEOS_DEPLOYMENT_TARGET = 12.0;
				MTL_ENABLE_DEBUG_INFO = NO;
				MTL_FAST_MATH = YES;
				SDKROOT = iphoneos;
				SWIFT_COMPILATION_MODE = wholemodule;
				SWIFT_OPTIMIZATION_LEVEL = "-O";
				VALIDATE_PRODUCT = YES;
			};
			name = Release;
		};
		8DEC0940248F8294002D1391 /* Debug */ = {
			isa = XCBuildConfiguration;
			baseConfigurationReference = 2BF6E8D4C376875D269BCAE0 /* Pods-Example-iOS.debug.xcconfig */;
			buildSettings = {
				ASSETCATALOG_COMPILER_APPICON_NAME = AppIcon;
				CODE_SIGN_IDENTITY = "Apple Development";
				CODE_SIGN_STYLE = Manual;
				DEVELOPMENT_TEAM = "";
				ENABLE_USER_SCRIPT_SANDBOXING = NO;
				INFOPLIST_FILE = "Example-iOS/Info.plist";
				IPHONEOS_DEPLOYMENT_TARGET = 13.0;
				LD_RUNPATH_SEARCH_PATHS = (
					"$(inherited)",
					"@executable_path/Frameworks",
				);
				PRODUCT_BUNDLE_IDENTIFIER = "com.zonplayer.Example-iOS";
				PRODUCT_NAME = "$(TARGET_NAME)";
				PROVISIONING_PROFILE_SPECIFIER = "";
				SWIFT_VERSION = 5.0;
				TARGETED_DEVICE_FAMILY = "1,2";
			};
			name = Debug;
		};
		8DEC0941248F8294002D1391 /* Release */ = {
			isa = XCBuildConfiguration;
			baseConfigurationReference = AD6DCBE1D24A4388A9AD8E2A /* Pods-Example-iOS.release.xcconfig */;
			buildSettings = {
				ASSETCATALOG_COMPILER_APPICON_NAME = AppIcon;
				CODE_SIGN_IDENTITY = "Apple Development";
				CODE_SIGN_STYLE = Manual;
				DEVELOPMENT_TEAM = "";
				ENABLE_USER_SCRIPT_SANDBOXING = NO;
				INFOPLIST_FILE = "Example-iOS/Info.plist";
				IPHONEOS_DEPLOYMENT_TARGET = 13.0;
				LD_RUNPATH_SEARCH_PATHS = (
					"$(inherited)",
					"@executable_path/Frameworks",
				);
				PRODUCT_BUNDLE_IDENTIFIER = "com.zonplayer.Example-iOS";
				PRODUCT_NAME = "$(TARGET_NAME)";
				PROVISIONING_PROFILE_SPECIFIER = "";
				SWIFT_VERSION = 5.0;
				TARGETED_DEVICE_FAMILY = "1,2";
			};
			name = Release;
		};
		8DEC094F248F8383002D1391 /* Debug */ = {
			isa = XCBuildConfiguration;
			baseConfigurationReference = BAD96AD0610B6CB2B0393764 /* Pods-Tests.debug.xcconfig */;
			buildSettings = {
				BUNDLE_LOADER = "$(TEST_HOST)";
				CLANG_ENABLE_MODULES = YES;
				CODE_SIGN_STYLE = Manual;
				DEVELOPMENT_TEAM = "";
				INFOPLIST_FILE = Tests/Info.plist;
				IPHONEOS_DEPLOYMENT_TARGET = 13.0;
				LD_RUNPATH_SEARCH_PATHS = (
					"$(inherited)",
					"@executable_path/Frameworks",
					"@loader_path/Frameworks",
				);
				PRODUCT_BUNDLE_IDENTIFIER = com.zonplayer.Tests;
				PRODUCT_NAME = "$(TARGET_NAME)";
				PROVISIONING_PROFILE_SPECIFIER = "";
				SWIFT_OPTIMIZATION_LEVEL = "-Onone";
				SWIFT_VERSION = 5.0;
				TARGETED_DEVICE_FAMILY = "1,2";
				TEST_HOST = "$(BUILT_PRODUCTS_DIR)/Example-iOS.app/Example-iOS";
			};
			name = Debug;
		};
		8DEC0950248F8383002D1391 /* Release */ = {
			isa = XCBuildConfiguration;
			baseConfigurationReference = 32C600B5493CC917ABF8A7E7 /* Pods-Tests.release.xcconfig */;
			buildSettings = {
				BUNDLE_LOADER = "$(TEST_HOST)";
				CLANG_ENABLE_MODULES = YES;
				CODE_SIGN_STYLE = Manual;
				DEVELOPMENT_TEAM = "";
				INFOPLIST_FILE = Tests/Info.plist;
				IPHONEOS_DEPLOYMENT_TARGET = 13.0;
				LD_RUNPATH_SEARCH_PATHS = (
					"$(inherited)",
					"@executable_path/Frameworks",
					"@loader_path/Frameworks",
				);
				PRODUCT_BUNDLE_IDENTIFIER = com.zonplayer.Tests;
				PRODUCT_NAME = "$(TARGET_NAME)";
				PROVISIONING_PROFILE_SPECIFIER = "";
				SWIFT_VERSION = 5.0;
				TARGETED_DEVICE_FAMILY = "1,2";
				TEST_HOST = "$(BUILT_PRODUCTS_DIR)/Example-iOS.app/Example-iOS";
			};
			name = Release;
		};
/* End XCBuildConfiguration section */

/* Begin XCConfigurationList section */
		8DEC090F248F818C002D1391 /* Build configuration list for PBXProject "ZonPlayer" */ = {
			isa = XCConfigurationList;
			buildConfigurations = (
				8DEC0926248F818E002D1391 /* Debug */,
				8DEC0927248F818E002D1391 /* Release */,
				245C21C027CF780800E841AC /* AdHoc */,
			);
			defaultConfigurationIsVisible = 0;
			defaultConfigurationName = Release;
		};
		8DEC0942248F8294002D1391 /* Build configuration list for PBXNativeTarget "Example-iOS" */ = {
			isa = XCConfigurationList;
			buildConfigurations = (
				8DEC0940248F8294002D1391 /* Debug */,
				8DEC0941248F8294002D1391 /* Release */,
				245C21C127CF780800E841AC /* AdHoc */,
			);
			defaultConfigurationIsVisible = 0;
			defaultConfigurationName = Release;
		};
		8DEC094E248F8383002D1391 /* Build configuration list for PBXNativeTarget "Tests" */ = {
			isa = XCConfigurationList;
			buildConfigurations = (
				8DEC094F248F8383002D1391 /* Debug */,
				8DEC0950248F8383002D1391 /* Release */,
				245C21C227CF780800E841AC /* AdHoc */,
			);
			defaultConfigurationIsVisible = 0;
			defaultConfigurationName = Release;
		};
/* End XCConfigurationList section */
	};
	rootObject = 8DEC090C248F818C002D1391 /* Project object */;
}
